
Microsoft Visual Studio Solution File, Format Version 12.00
# Visual Studio Version 16
VisualStudioVersion = 16.0.30524.135
MinimumVisualStudioVersion = 10.0.40219.1
Project("{9A19103F-16F7-4668-BE54-9A1E7A4F7556}") = "WebApp", "WebApp\WebApp.csproj", "{D9F21D6A-6182-4734-A53A-1118F6734DFF}"
EndProject
Project("{9A19103F-16F7-4668-BE54-9A1E7A4F7556}") = "Database.Core", "Database.Core\Database.Core.csproj", "{260D5401-2E50-414E-A08D-30577E7C4263}"
EndProject
Project("{9A19103F-16F7-4668-BE54-9A1E7A4F7556}") = "Database.SQLite", "Database.SQLite\Database.SQLite.csproj", "{F99F56CD-2C8A-4DE8-BB3B-5BB7EDD0ADEF}"
EndProject
Project("{9A19103F-16F7-4668-BE54-9A1E7A4F7556}") = "Domain", "Domain\Domain.csproj", "{ADDCF102-02A4-4FB7-8879-55510FDA9911}"
EndProject
Project("{FAE04EC0-301F-11D3-BF4B-00C04F79EFBC}") = "Actors", "Actors\Actors.csproj", "{E54620E6-2A3D-4573-B39A-9F3768A87889}"
EndProject
Project("{FAE04EC0-301F-11D3-BF4B-00C04F79EFBC}") = "Messages", "Messages\Messages.csproj", "{CF32FBA9-C9D2-4868-92CA-5BE462C231A2}"
EndProject
Project("{FAE04EC0-301F-11D3-BF4B-00C04F79EFBC}") = "Database.SQLite.Tests", "Database.SQLite.Tests\Database.SQLite.Tests.csproj", "{FBAACDBB-871F-426C-A737-E31750B352DD}"
EndProject
Project("{FAE04EC0-301F-11D3-BF4B-00C04F79EFBC}") = "Actors.Tests", "Actors.Tests\Actors.Tests.csproj", "{D6D8C748-DD1F-4494-9C3E-5F24D011A28F}"
EndProject
Global
	GlobalSection(SolutionConfigurationPlatforms) = preSolution
		Debug|Any CPU = Debug|Any CPU
		Release|Any CPU = Release|Any CPU
	EndGlobalSection
	GlobalSection(ProjectConfigurationPlatforms) = postSolution
		{D9F21D6A-6182-4734-A53A-1118F6734DFF}.Debug|Any CPU.ActiveCfg = Debug|Any CPU
		{D9F21D6A-6182-4734-A53A-1118F6734DFF}.Debug|Any CPU.Build.0 = Debug|Any CPU
		{D9F21D6A-6182-4734-A53A-1118F6734DFF}.Release|Any CPU.ActiveCfg = Release|Any CPU
		{D9F21D6A-6182-4734-A53A-1118F6734DFF}.Release|Any CPU.Build.0 = Release|Any CPU
		{260D5401-2E50-414E-A08D-30577E7C4263}.Debug|Any CPU.ActiveCfg = Debug|Any CPU
		{260D5401-2E50-414E-A08D-30577E7C4263}.Debug|Any CPU.Build.0 = Debug|Any CPU
		{260D5401-2E50-414E-A08D-30577E7C4263}.Release|Any CPU.ActiveCfg = Release|Any CPU
		{260D5401-2E50-414E-A08D-30577E7C4263}.Release|Any CPU.Build.0 = Release|Any CPU
		{F99F56CD-2C8A-4DE8-BB3B-5BB7EDD0ADEF}.Debug|Any CPU.ActiveCfg = Debug|Any CPU
		{F99F56CD-2C8A-4DE8-BB3B-5BB7EDD0ADEF}.Debug|Any CPU.Build.0 = Debug|Any CPU
		{F99F56CD-2C8A-4DE8-BB3B-5BB7EDD0ADEF}.Release|Any CPU.ActiveCfg = Release|Any CPU
		{F99F56CD-2C8A-4DE8-BB3B-5BB7EDD0ADEF}.Release|Any CPU.Build.0 = Release|Any CPU
		{ADDCF102-02A4-4FB7-8879-55510FDA9911}.Debug|Any CPU.ActiveCfg = Debug|Any CPU
		{ADDCF102-02A4-4FB7-8879-55510FDA9911}.Debug|Any CPU.Build.0 = Debug|Any CPU
		{ADDCF102-02A4-4FB7-8879-55510FDA9911}.Release|Any CPU.ActiveCfg = Release|Any CPU
		{ADDCF102-02A4-4FB7-8879-55510FDA9911}.Release|Any CPU.Build.0 = Release|Any CPU
		{E54620E6-2A3D-4573-B39A-9F3768A87889}.Debug|Any CPU.ActiveCfg = Debug|Any CPU
		{E54620E6-2A3D-4573-B39A-9F3768A87889}.Debug|Any CPU.Build.0 = Debug|Any CPU
		{E54620E6-2A3D-4573-B39A-9F3768A87889}.Release|Any CPU.ActiveCfg = Release|Any CPU
		{E54620E6-2A3D-4573-B39A-9F3768A87889}.Release|Any CPU.Build.0 = Release|Any CPU
		{CF32FBA9-C9D2-4868-92CA-5BE462C231A2}.Debug|Any CPU.ActiveCfg = Debug|Any CPU
		{CF32FBA9-C9D2-4868-92CA-5BE462C231A2}.Debug|Any CPU.Build.0 = Debug|Any CPU
		{CF32FBA9-C9D2-4868-92CA-5BE462C231A2}.Release|Any CPU.ActiveCfg = Release|Any CPU
		{CF32FBA9-C9D2-4868-92CA-5BE462C231A2}.Release|Any CPU.Build.0 = Release|Any CPU
		{FBAACDBB-871F-426C-A737-E31750B352DD}.Debug|Any CPU.ActiveCfg = Debug|Any CPU
		{FBAACDBB-871F-426C-A737-E31750B352DD}.Debug|Any CPU.Build.0 = Debug|Any CPU
		{FBAACDBB-871F-426C-A737-E31750B352DD}.Release|Any CPU.ActiveCfg = Release|Any CPU
		{FBAACDBB-871F-426C-A737-E31750B352DD}.Release|Any CPU.Build.0 = Release|Any CPU
		{D6D8C748-DD1F-4494-9C3E-5F24D011A28F}.Debug|Any CPU.ActiveCfg = Debug|Any CPU
		{D6D8C748-DD1F-4494-9C3E-5F24D011A28F}.Debug|Any CPU.Build.0 = Debug|Any CPU
		{D6D8C748-DD1F-4494-9C3E-5F24D011A28F}.Release|Any CPU.ActiveCfg = Release|Any CPU
		{D6D8C748-DD1F-4494-9C3E-5F24D011A28F}.Release|Any CPU.Build.0 = Release|Any CPU
	EndGlobalSection
	GlobalSection(SolutionProperties) = preSolution
		HideSolutionNode = FALSE
	EndGlobalSection
	GlobalSection(ExtensibilityGlobals) = postSolution
		SolutionGuid = {EAC806AE-FBE0-4588-94AD-9ED0EDEECC1F}
	EndGlobalSection
EndGlobal
